
Microsoft Visual Studio Solution File, Format Version 12.00
# Visual Studio 15
VisualStudioVersion = 15.0.26124.0
MinimumVisualStudioVersion = 15.0.26124.0
Project("{FAE04EC0-301F-11D3-BF4B-00C04F79EFBC}") = "EF.Extensions.PgCopy", "EF.Extensions.PgCopy\EF.Extensions.PgCopy.csproj", "{11ABB8FB-AA63-4684-B852-3B5E046B4C71}"
EndProject
Project("{2150E333-8FDC-42A3-9474-1A3956D46DE8}") = "solution items", "solution items", "{358D9968-A68D-4DDE-8244-4FD64943E6FD}"
ProjectSection(SolutionItems) = preProject
	README.md = README.md
	.gitignore = .gitignore
	.dockerignore = .dockerignore
	makefile = makefile
	start.sh = start.sh
	pg.Dockerfile = pg.Dockerfile
	init-user-db.sh = init-user-db.sh
EndProjectSection
EndProject
Project("{FAE04EC0-301F-11D3-BF4B-00C04F79EFBC}") = "TestConsoleApp", "TestConsoleApp\TestConsoleApp.csproj", "{C99FB87D-64CB-47E5-BDDF-B818C377336C}"
EndProject
Global
	GlobalSection(SolutionConfigurationPlatforms) = preSolution
		Debug|Any CPU = Debug|Any CPU
		Debug|x64 = Debug|x64
		Debug|x86 = Debug|x86
		Release|Any CPU = Release|Any CPU
		Release|x64 = Release|x64
		Release|x86 = Release|x86
	EndGlobalSection
	GlobalSection(SolutionProperties) = preSolution
		HideSolutionNode = FALSE
	EndGlobalSection
	GlobalSection(ProjectConfigurationPlatforms) = postSolution
		{11ABB8FB-AA63-4684-B852-3B5E046B4C71}.Debug|Any CPU.ActiveCfg = Debug|Any CPU
		{11ABB8FB-AA63-4684-B852-3B5E046B4C71}.Debug|Any CPU.Build.0 = Debug|Any CPU
		{11ABB8FB-AA63-4684-B852-3B5E046B4C71}.Debug|x64.ActiveCfg = Debug|Any CPU
		{11ABB8FB-AA63-4684-B852-3B5E046B4C71}.Debug|x64.Build.0 = Debug|Any CPU
		{11ABB8FB-AA63-4684-B852-3B5E046B4C71}.Debug|x86.ActiveCfg = Debug|Any CPU
		{11ABB8FB-AA63-4684-B852-3B5E046B4C71}.Debug|x86.Build.0 = Debug|Any CPU
		{11ABB8FB-AA63-4684-B852-3B5E046B4C71}.Release|Any CPU.ActiveCfg = Release|Any CPU
		{11ABB8FB-AA63-4684-B852-3B5E046B4C71}.Release|Any CPU.Build.0 = Release|Any CPU
		{11ABB8FB-AA63-4684-B852-3B5E046B4C71}.Release|x64.ActiveCfg = Release|Any CPU
		{11ABB8FB-AA63-4684-B852-3B5E046B4C71}.Release|x64.Build.0 = Release|Any CPU
		{11ABB8FB-AA63-4684-B852-3B5E046B4C71}.Release|x86.ActiveCfg = Release|Any CPU
		{11ABB8FB-AA63-4684-B852-3B5E046B4C71}.Release|x86.Build.0 = Release|Any CPU
		{C99FB87D-64CB-47E5-BDDF-B818C377336C}.Debug|Any CPU.ActiveCfg = Debug|Any CPU
		{C99FB87D-64CB-47E5-BDDF-B818C377336C}.Debug|Any CPU.Build.0 = Debug|Any CPU
		{C99FB87D-64CB-47E5-BDDF-B818C377336C}.Debug|x64.ActiveCfg = Debug|Any CPU
		{C99FB87D-64CB-47E5-BDDF-B818C377336C}.Debug|x64.Build.0 = Debug|Any CPU
		{C99FB87D-64CB-47E5-BDDF-B818C377336C}.Debug|x86.ActiveCfg = Debug|Any CPU
		{C99FB87D-64CB-47E5-BDDF-B818C377336C}.Debug|x86.Build.0 = Debug|Any CPU
		{C99FB87D-64CB-47E5-BDDF-B818C377336C}.Release|Any CPU.ActiveCfg = Release|Any CPU
		{C99FB87D-64CB-47E5-BDDF-B818C377336C}.Release|Any CPU.Build.0 = Release|Any CPU
		{C99FB87D-64CB-47E5-BDDF-B818C377336C}.Release|x64.ActiveCfg = Release|Any CPU
		{C99FB87D-64CB-47E5-BDDF-B818C377336C}.Release|x64.Build.0 = Release|Any CPU
		{C99FB87D-64CB-47E5-BDDF-B818C377336C}.Release|x86.ActiveCfg = Release|Any CPU
		{C99FB87D-64CB-47E5-BDDF-B818C377336C}.Release|x86.Build.0 = Release|Any CPU
	EndGlobalSection
EndGlobal
